// !$*UTF8*$!
{
	archiveVersion = 1;
	classes = {
	};
	objectVersion = 46;
	objects = {

/* Begin PBXBuildFile section */
		139C2A567C628B7936E5FEB0 /* libPods-B_Category.a in Frameworks */ = {isa = PBXBuildFile; fileRef = 3D27BD02112FE7FD7FB411AB /* libPods-B_Category.a */; };
		A684785A1E836E160059EC9E /* main.m in Sources */ = {isa = PBXBuildFile; fileRef = A68478591E836E160059EC9E /* main.m */; };
		A684785D1E836E160059EC9E /* AppDelegate.m in Sources */ = {isa = PBXBuildFile; fileRef = A684785C1E836E160059EC9E /* AppDelegate.m */; };
		A68478601E836E160059EC9E /* ViewController.m in Sources */ = {isa = PBXBuildFile; fileRef = A684785F1E836E160059EC9E /* ViewController.m */; };
		A68478631E836E160059EC9E /* Main.storyboard in Resources */ = {isa = PBXBuildFile; fileRef = A68478611E836E160059EC9E /* Main.storyboard */; };
		A68478651E836E160059EC9E /* Assets.xcassets in Resources */ = {isa = PBXBuildFile; fileRef = A68478641E836E160059EC9E /* Assets.xcassets */; };
		A68478681E836E160059EC9E /* LaunchScreen.storyboard in Resources */ = {isa = PBXBuildFile; fileRef = A68478661E836E160059EC9E /* LaunchScreen.storyboard */; };
		A68478721E836F1F0059EC9E /* CTMediator+B.m in Sources */ = {isa = PBXBuildFile; fileRef = A68478711E836F1F0059EC9E /* CTMediator+B.m */; };
/* End PBXBuildFile section */

/* Begin PBXFileReference section */
		3D27BD02112FE7FD7FB411AB /* libPods-B_Category.a */ = {isa = PBXFileReference; explicitFileType = archive.ar; includeInIndex = 0; path = "libPods-B_Category.a"; sourceTree = BUILT_PRODUCTS_DIR; };
		4A17EAB2A6ECD074B4D390CB /* Pods-B_Category.release.xcconfig */ = {isa = PBXFileReference; includeInIndex = 1; lastKnownFileType = text.xcconfig; name = "Pods-B_Category.release.xcconfig"; path = "Pods/Target Support Files/Pods-B_Category/Pods-B_Category.release.xcconfig"; sourceTree = "<group>"; };
		A079A1D63AB9ECC5DD108342 /* Pods-B_Category.debug.xcconfig */ = {isa = PBXFileReference; includeInIndex = 1; lastKnownFileType = text.xcconfig; name = "Pods-B_Category.debug.xcconfig"; path = "Pods/Target Support Files/Pods-B_Category/Pods-B_Category.debug.xcconfig"; sourceTree = "<group>"; };
		A68478551E836E160059EC9E /* B_Category.app */ = {isa = PBXFileReference; explicitFileType = wrapper.application; includeInIndex = 0; path = B_Category.app; sourceTree = BUILT_PRODUCTS_DIR; };
		A68478591E836E160059EC9E /* main.m */ = {isa = PBXFileReference; lastKnownFileType = sourcecode.c.objc; path = main.m; sourceTree = "<group>"; };
		A684785B1E836E160059EC9E /* AppDelegate.h */ = {isa = PBXFileReference; lastKnownFileType = sourcecode.c.h; path = AppDelegate.h; sourceTree = "<group>"; };
		A684785C1E836E160059EC9E /* AppDelegate.m */ = {isa = PBXFileReference; lastKnownFileType = sourcecode.c.objc; path = AppDelegate.m; sourceTree = "<group>"; };
		A684785E1E836E160059EC9E /* ViewController.h */ = {isa = PBXFileReference; lastKnownFileType = sourcecode.c.h; path = ViewController.h; sourceTree = "<group>"; };
		A684785F1E836E160059EC9E /* ViewController.m */ = {isa = PBXFileReference; lastKnownFileType = sourcecode.c.objc; path = ViewController.m; sourceTree = "<group>"; };
		A68478621E836E160059EC9E /* Base */ = {isa = PBXFileReference; lastKnownFileType = file.storyboard; name = Base; path = Base.lproj/Main.storyboard; sourceTree = "<group>"; };
		A68478641E836E160059EC9E /* Assets.xcassets */ = {isa = PBXFileReference; lastKnownFileType = folder.assetcatalog; path = Assets.xcassets; sourceTree = "<group>"; };
		A68478671E836E160059EC9E /* Base */ = {isa = PBXFileReference; lastKnownFileType = file.storyboard; name = Base; path = Base.lproj/LaunchScreen.storyboard; sourceTree = "<group>"; };
		A68478691E836E160059EC9E /* Info.plist */ = {isa = PBXFileReference; lastKnownFileType = text.plist.xml; path = Info.plist; sourceTree = "<group>"; };
		A68478701E836F1F0059EC9E /* CTMediator+B.h */ = {isa = PBXFileReference; fileEncoding = 4; lastKnownFileType = sourcecode.c.h; path = "CTMediator+B.h"; sourceTree = "<group>"; };
		A68478711E836F1F0059EC9E /* CTMediator+B.m */ = {isa = PBXFileReference; fileEncoding = 4; lastKnownFileType = sourcecode.c.objc; path = "CTMediator+B.m"; sourceTree = "<group>"; };
/* End PBXFileReference section */

/* Begin PBXFrameworksBuildPhase section */
		A68478521E836E160059EC9E /* Frameworks */ = {
			isa = PBXFrameworksBuildPhase;
			buildActionMask = 2147483647;
			files = (
				139C2A567C628B7936E5FEB0 /* libPods-B_Category.a in Frameworks */,
			);
			runOnlyForDeploymentPostprocessing = 0;
		};
/* End PBXFrameworksBuildPhase section */

/* Begin PBXGroup section */
		284E6C16050EC46ED55C30FC /* Pods */ = {
			isa = PBXGroup;
			children = (
				A079A1D63AB9ECC5DD108342 /* Pods-B_Category.debug.xcconfig */,
				4A17EAB2A6ECD074B4D390CB /* Pods-B_Category.release.xcconfig */,
			);
			name = Pods;
			sourceTree = "<group>";
		};
		543595430404F7C3A6E37C0D /* Frameworks */ = {
			isa = PBXGroup;
			children = (
				3D27BD02112FE7FD7FB411AB /* libPods-B_Category.a */,
			);
			name = Frameworks;
			sourceTree = "<group>";
		};
		A684784C1E836E160059EC9E = {
			isa = PBXGroup;
			children = (
				A68478571E836E160059EC9E /* B_Category */,
				A68478561E836E160059EC9E /* Products */,
				284E6C16050EC46ED55C30FC /* Pods */,
				543595430404F7C3A6E37C0D /* Frameworks */,
			);
			sourceTree = "<group>";
		};
		A68478561E836E160059EC9E /* Products */ = {
			isa = PBXGroup;
			children = (
				A68478551E836E160059EC9E /* B_Category.app */,
			);
			name = Products;
			sourceTree = "<group>";
		};
		A68478571E836E160059EC9E /* B_Category */ = {
			isa = PBXGroup;
			children = (
				A684786F1E836EF60059EC9E /* B_Category */,
				A684785B1E836E160059EC9E /* AppDelegate.h */,
				A684785C1E836E160059EC9E /* AppDelegate.m */,
				A684785E1E836E160059EC9E /* ViewController.h */,
				A684785F1E836E160059EC9E /* ViewController.m */,
				A68478611E836E160059EC9E /* Main.storyboard */,
				A68478641E836E160059EC9E /* Assets.xcassets */,
				A68478661E836E160059EC9E /* LaunchScreen.storyboard */,
				A68478691E836E160059EC9E /* Info.plist */,
				A68478581E836E160059EC9E /* Supporting Files */,
			);
			path = B_Category;
			sourceTree = "<group>";
		};
		A68478581E836E160059EC9E /* Supporting Files */ = {
			isa = PBXGroup;
			children = (
				A68478591E836E160059EC9E /* main.m */,
			);
			name = "Supporting Files";
			sourceTree = "<group>";
		};
		A684786F1E836EF60059EC9E /* B_Category */ = {
			isa = PBXGroup;
			children = (
				A68478701E836F1F0059EC9E /* CTMediator+B.h */,
				A68478711E836F1F0059EC9E /* CTMediator+B.m */,
			);
			path = B_Category;
			sourceTree = "<group>";
		};
/* End PBXGroup section */

/* Begin PBXNativeTarget section */
		A68478541E836E160059EC9E /* B_Category */ = {
			isa = PBXNativeTarget;
			buildConfigurationList = A684786C1E836E160059EC9E /* Build configuration list for PBXNativeTarget "B_Category" */;
			buildPhases = (
				CFE1EE314E11A4AC1EA9AAB6 /* [CP] Check Pods Manifest.lock */,
				A68478511E836E160059EC9E /* Sources */,
				A68478521E836E160059EC9E /* Frameworks */,
				A68478531E836E160059EC9E /* Resources */,
				CB094DE9361BC34813A84E69 /* [CP] Embed Pods Frameworks */,
				1F59BCD0C1F7E40664093326 /* [CP] Copy Pods Resources */,
			);
			buildRules = (
			);
			dependencies = (
			);
			name = B_Category;
			productName = B_Category;
			productReference = A68478551E836E160059EC9E /* B_Category.app */;
			productType = "com.apple.product-type.application";
		};
/* End PBXNativeTarget section */

/* Begin PBXProject section */
		A684784D1E836E160059EC9E /* Project object */ = {
			isa = PBXProject;
			attributes = {
				LastUpgradeCheck = 0830;
				ORGANIZATIONNAME = Paodong;
				TargetAttributes = {
					A68478541E836E160059EC9E = {
						CreatedOnToolsVersion = 8.3;
						DevelopmentTeam = L6U7BB57HF;
						ProvisioningStyle = Automatic;
					};
				};
			};
			buildConfigurationList = A68478501E836E160059EC9E /* Build configuration list for PBXProject "B_Category" */;
			compatibilityVersion = "Xcode 3.2";
			developmentRegion = English;
			hasScannedForEncodings = 0;
			knownRegions = (
				en,
				Base,
			);
			mainGroup = A684784C1E836E160059EC9E;
			productRefGroup = A68478561E836E160059EC9E /* Products */;
			projectDirPath = "";
			projectRoot = "";
			targets = (
				A68478541E836E160059EC9E /* B_Category */,
			);
		};
/* End PBXProject section */

/* Begin PBXResourcesBuildPhase section */
		A68478531E836E160059EC9E /* Resources */ = {
			isa = PBXResourcesBuildPhase;
			buildActionMask = 2147483647;
			files = (
				A68478681E836E160059EC9E /* LaunchScreen.storyboard in Resources */,
				A68478651E836E160059EC9E /* Assets.xcassets in Resources */,
				A68478631E836E160059EC9E /* Main.storyboard in Resources */,
			);
			runOnlyForDeploymentPostprocessing = 0;
		};
/* End PBXResourcesBuildPhase section */

/* Begin PBXShellScriptBuildPhase section */
		1F59BCD0C1F7E40664093326 /* [CP] Copy Pods Resources */ = {
			isa = PBXShellScriptBuildPhase;
			buildActionMask = 2147483647;
			files = (
			);
			inputPaths = (
			);
			name = "[CP] Copy Pods Resources";
			outputPaths = (
			);
			runOnlyForDeploymentPostprocessing = 0;
			shellPath = /bin/sh;
			shellScript = "\"${SRCROOT}/Pods/Target Support Files/Pods-B_Category/Pods-B_Category-resources.sh\"\n";
			showEnvVarsInLog = 0;
		};
		CB094DE9361BC34813A84E69 /* [CP] Embed Pods Frameworks */ = {
			isa = PBXShellScriptBuildPhase;
			buildActionMask = 2147483647;
			files = (
			);
			inputPaths = (
			);
			name = "[CP] Embed Pods Frameworks";
			outputPaths = (
			);
			runOnlyForDeploymentPostprocessing = 0;
			shellPath = /bin/sh;
			shellScript = "\"${SRCROOT}/Pods/Target Support Files/Pods-B_Category/Pods-B_Category-frameworks.sh\"\n";
			showEnvVarsInLog = 0;
		};
		CFE1EE314E11A4AC1EA9AAB6 /* [CP] Check Pods Manifest.lock */ = {
			isa = PBXShellScriptBuildPhase;
			buildActionMask = 2147483647;
			files = (
			);
			inputPaths = (
			);
			name = "[CP] Check Pods Manifest.lock";
			outputPaths = (
			);
			runOnlyForDeploymentPostprocessing = 0;
			shellPath = /bin/sh;
			shellScript = "diff \"${PODS_ROOT}/../Podfile.lock\" \"${PODS_ROOT}/Manifest.lock\" > /dev/null\nif [ $? != 0 ] ; then\n    # print error to STDERR\n    echo \"error: The sandbox is not in sync with the Podfile.lock. Run 'pod install' or update your CocoaPods installation.\" >&2\n    exit 1\nfi\n";
			showEnvVarsInLog = 0;
		};
/* End PBXShellScriptBuildPhase section */

/* Begin PBXSourcesBuildPhase section */
		A68478511E836E160059EC9E /* Sources */ = {
			isa = PBXSourcesBuildPhase;
			buildActionMask = 2147483647;
			files = (
				A68478601E836E160059EC9E /* ViewController.m in Sources */,
				A684785D1E836E160059EC9E /* AppDelegate.m in Sources */,
				A68478721E836F1F0059EC9E /* CTMediator+B.m in Sources */,
				A684785A1E836E160059EC9E /* main.m in Sources */,
			);
			runOnlyForDeploymentPostprocessing = 0;
		};
/* End PBXSourcesBuildPhase section */

/* Begin PBXVariantGroup section */
		A68478611E836E160059EC9E /* Main.storyboard */ = {
			isa = PBXVariantGroup;
			children = (
				A68478621E836E160059EC9E /* Base */,
			);
			name = Main.storyboard;
			sourceTree = "<group>";
		};
		A68478661E836E160059EC9E /* LaunchScreen.storyboard */ = {
			isa = PBXVariantGroup;
			children = (
				A68478671E836E160059EC9E /* Base */,
			);
			name = LaunchScreen.storyboard;
			sourceTree = "<group>";
		};
/* End PBXVariantGroup section */

/* Begin XCBuildConfiguration section */
		A684786A1E836E160059EC9E /* Debug */ = {
			isa = XCBuildConfiguration;
			buildSettings = {
				ALWAYS_SEARCH_USER_PATHS = NO;
				CLANG_ANALYZER_NONNULL = YES;
				CLANG_ANALYZER_NUMBER_OBJECT_CONVERSION = YES_AGGRESSIVE;
				CLANG_CXX_LANGUAGE_STANDARD = "gnu++0x";
				CLANG_CXX_LIBRARY = "libc++";
				CLANG_ENABLE_MODULES = YES;
				CLANG_ENABLE_OBJC_ARC = YES;
				CLANG_WARN_BOOL_CONVERSION = YES;
				CLANG_WARN_CONSTANT_CONVERSION = YES;
				CLANG_WARN_DIRECT_OBJC_ISA_USAGE = YES_ERROR;
				CLANG_WARN_DOCUMENTATION_COMMENTS = YES;
				CLANG_WARN_EMPTY_BODY = YES;
				CLANG_WARN_ENUM_CONVERSION = YES;
				CLANG_WARN_INFINITE_RECURSION = YES;
				CLANG_WARN_INT_CONVERSION = YES;
				CLANG_WARN_OBJC_ROOT_CLASS = YES_ERROR;
				CLANG_WARN_SUSPICIOUS_MOVE = YES;
				CLANG_WARN_UNREACHABLE_CODE = YES;
				CLANG_WARN__DUPLICATE_METHOD_MATCH = YES;
				"CODE_SIGN_IDENTITY[sdk=iphoneos*]" = "iPhone Developer";
				COPY_PHASE_STRIP = NO;
				DEBUG_INFORMATION_FORMAT = dwarf;
				ENABLE_STRICT_OBJC_MSGSEND = YES;
				ENABLE_TESTABILITY = YES;
				GCC_C_LANGUAGE_STANDARD = gnu99;
				GCC_DYNAMIC_NO_PIC = NO;
				GCC_NO_COMMON_BLOCKS = YES;
				GCC_OPTIMIZATION_LEVEL = 0;
				GCC_PREPROCESSOR_DEFINITIONS = (
					"DEBUG=1",
					"$(inherited)",
				);
				GCC_WARN_64_TO_32_BIT_CONVERSION = YES;
				GCC_WARN_ABOUT_RETURN_TYPE = YES_ERROR;
				GCC_WARN_UNDECLARED_SELECTOR = YES;
				GCC_WARN_UNINITIALIZED_AUTOS = YES_AGGRESSIVE;
				GCC_WARN_UNUSED_FUNCTION = YES;
				GCC_WARN_UNUSED_VARIABLE = YES;
				IPHONEOS_DEPLOYMENT_TARGET = 10.3;
				MTL_ENABLE_DEBUG_INFO = YES;
				ONLY_ACTIVE_ARCH = YES;
				SDKROOT = iphoneos;
			};
			name = Debug;
		};
		A684786B1E836E160059EC9E /* Release */ = {
			isa = XCBuildConfiguration;
			buildSettings = {
				ALWAYS_SEARCH_USER_PATHS = NO;
				CLANG_ANALYZER_NONNULL = YES;
				CLANG_ANALYZER_NUMBER_OBJECT_CONVERSION = YES_AGGRESSIVE;
				CLANG_CXX_LANGUAGE_STANDARD = "gnu++0x";
				CLANG_CXX_LIBRARY = "libc++";
				CLANG_ENABLE_MODULES = YES;
				CLANG_ENABLE_OBJC_ARC = YES;
				CLANG_WARN_BOOL_CONVERSION = YES;
				CLANG_WARN_CONSTANT_CONVERSION = YES;
				CLANG_WARN_DIRECT_OBJC_ISA_USAGE = YES_ERROR;
				CLANG_WARN_DOCUMENTATION_COMMENTS = YES;
				CLANG_WARN_EMPTY_BODY = YES;
				CLANG_WARN_ENUM_CONVERSION = YES;
				CLANG_WARN_INFINITE_RECURSION = YES;
				CLANG_WARN_INT_CONVERSION = YES;
				CLANG_WARN_OBJC_ROOT_CLASS = YES_ERROR;
				CLANG_WARN_SUSPICIOUS_MOVE = YES;
				CLANG_WARN_UNREACHABLE_CODE = YES;
				CLANG_WARN__DUPLICATE_METHOD_MATCH = YES;
				"CODE_SIGN_IDENTITY[sdk=iphoneos*]" = "iPhone Developer";
				COPY_PHASE_STRIP = NO;
				DEBUG_INFORMATION_FORMAT = "dwarf-with-dsym";
				ENABLE_NS_ASSERTIONS = NO;
				ENABLE_STRICT_OBJC_MSGSEND = YES;
				GCC_C_LANGUAGE_STANDARD = gnu99;
				GCC_NO_COMMON_BLOCKS = YES;
				GCC_WARN_64_TO_32_BIT_CONVERSION = YES;
				GCC_WARN_ABOUT_RETURN_TYPE = YES_ERROR;
				GCC_WARN_UNDECLARED_SELECTOR = YES;
				GCC_WARN_UNINITIALIZED_AUTOS = YES_AGGRESSIVE;
				GCC_WARN_UNUSED_FUNCTION = YES;
				GCC_WARN_UNUSED_VARIABLE = YES;
				IPHONEOS_DEPLOYMENT_TARGET = 10.3;
				MTL_ENABLE_DEBUG_INFO = NO;
				SDKROOT = iphoneos;
				VALIDATE_PRODUCT = YES;
			};
			name = Release;
		};
		A684786D1E836E160059EC9E /* Debug */ = {
			isa = XCBuildConfiguration;
			baseConfigurationReference = A079A1D63AB9ECC5DD108342 /* Pods-B_Category.debug.xcconfig */;
			buildSettings = {
				ASSETCATALOG_COMPILER_APPICON_NAME = AppIcon;
				DEVELOPMENT_TEAM = L6U7BB57HF;
				INFOPLIST_FILE = B_Category/Info.plist;
				LD_RUNPATH_SEARCH_PATHS = "$(inherited) @executable_path/Frameworks";
				PRODUCT_BUNDLE_IDENTIFIER = "com.runmaf.testmodulization.B-Category";
				PRODUCT_NAME = "$(TARGET_NAME)";
			};
			name = Debug;
		};
		A684786E1E836E160059EC9E /* Release */ = {
			isa = XCBuildConfiguration;
			baseConfigurationReference = 4A17EAB2A6ECD074B4D390CB /* Pods-B_Category.release.xcconfig */;
			buildSettings = {
				ASSETCATALOG_COMPILER_APPICON_NAME = AppIcon;
				DEVELOPMENT_TEAM = L6U7BB57HF;
				INFOPLIST_FILE = B_Category/Info.plist;
				LD_RUNPATH_SEARCH_PATHS = "$(inherited) @executable_path/Frameworks";
				PRODUCT_BUNDLE_IDENTIFIER = "com.runmaf.testmodulization.B-Category";
				PRODUCT_NAME = "$(TARGET_NAME)";
			};
			name = Release;
		};
/* End XCBuildConfiguration section */

/* Begin XCConfigurationList section */
		A68478501E836E160059EC9E /* Build configuration list for PBXProject "B_Category" */ = {
			isa = XCConfigurationList;
			buildConfigurations = (
				A684786A1E836E160059EC9E /* Debug */,
				A684786B1E836E160059EC9E /* Release */,
			);
			defaultConfigurationIsVisible = 0;
			defaultConfigurationName = Release;
		};
		A684786C1E836E160059EC9E /* Build configuration list for PBXNativeTarget "B_Category" */ = {
			isa = XCConfigurationList;
			buildConfigurations = (
				A684786D1E836E160059EC9E /* Debug */,
				A684786E1E836E160059EC9E /* Release */,
			);
			defaultConfigurationIsVisible = 0;
			defaultConfigurationName = Release;
		};
/* End XCConfigurationList section */
	};
	rootObject = A684784D1E836E160059EC9E /* Project object */;
}
